
Microsoft Visual Studio Solution File, Format Version 12.00
# Visual Studio Version 16
VisualStudioVersion = 16.0.31613.86
MinimumVisualStudioVersion = 10.0.40219.1
Project("{FAE04EC0-301F-11D3-BF4B-00C04F79EFBC}") = "AccessModifier", "AccessModifier\AccessModifier.csproj", "{6AA5D9F1-5350-4EF2-92E8-5FA0F0CE476C}"
EndProject
Global
	GlobalSection(SolutionConfigurationPlatforms) = preSolution
		Debug|Any CPU = Debug|Any CPU
		Release|Any CPU = Release|Any CPU
	EndGlobalSection
	GlobalSection(ProjectConfigurationPlatforms) = postSolution
		{6AA5D9F1-5350-4EF2-92E8-5FA0F0CE476C}.Debug|Any CPU.ActiveCfg = Debug|Any CPU
		{6AA5D9F1-5350-4EF2-92E8-5FA0F0CE476C}.Debug|Any CPU.Build.0 = Debug|Any CPU
		{6AA5D9F1-5350-4EF2-92E8-5FA0F0CE476C}.Release|Any CPU.ActiveCfg = Release|Any CPU
		{6AA5D9F1-5350-4EF2-92E8-5FA0F0CE476C}.Release|Any CPU.Build.0 = Release|Any CPU
	EndGlobalSection
	GlobalSection(SolutionProperties) = preSolution
		HideSolutionNode = FALSE
	EndGlobalSection
	GlobalSection(ExtensibilityGlobals) = postSolution
		SolutionGuid = {DF3D9E44-CD86-4A47-BB7C-5758C494185F}
	EndGlobalSection
EndGlobal
