
Microsoft Visual Studio Solution File, Format Version 12.00
# Visual Studio Version 16
VisualStudioVersion = 16.0.31613.86
MinimumVisualStudioVersion = 10.0.40219.1
Project("{FAE04EC0-301F-11D3-BF4B-00C04F79EFBC}") = "Loop", "Loop\Loop.csproj", "{F26CE147-FBB9-40D6-B6E9-4DEF154E7709}"
EndProject
Global
	GlobalSection(SolutionConfigurationPlatforms) = preSolution
		Debug|Any CPU = Debug|Any CPU
		Release|Any CPU = Release|Any CPU
	EndGlobalSection
	GlobalSection(ProjectConfigurationPlatforms) = postSolution
		{F26CE147-FBB9-40D6-B6E9-4DEF154E7709}.Debug|Any CPU.ActiveCfg = Debug|Any CPU
		{F26CE147-FBB9-40D6-B6E9-4DEF154E7709}.Debug|Any CPU.Build.0 = Debug|Any CPU
		{F26CE147-FBB9-40D6-B6E9-4DEF154E7709}.Release|Any CPU.ActiveCfg = Release|Any CPU
		{F26CE147-FBB9-40D6-B6E9-4DEF154E7709}.Release|Any CPU.Build.0 = Release|Any CPU
	EndGlobalSection
	GlobalSection(SolutionProperties) = preSolution
		HideSolutionNode = FALSE
	EndGlobalSection
	GlobalSection(ExtensibilityGlobals) = postSolution
		SolutionGuid = {9854722A-2197-44E6-AEBA-6BCE81101572}
	EndGlobalSection
EndGlobal
