
Microsoft Visual Studio Solution File, Format Version 12.00
# Visual Studio Version 16
VisualStudioVersion = 16.0.31613.86
MinimumVisualStudioVersion = 10.0.40219.1
Project("{FAE04EC0-301F-11D3-BF4B-00C04F79EFBC}") = "Task_01", "Task_01\Task_01.csproj", "{EEC298D1-5DA9-4593-B227-B6027BA2E7D5}"
EndProject
Project("{FAE04EC0-301F-11D3-BF4B-00C04F79EFBC}") = "Triangle", "Triangle\Triangle.csproj", "{0FCEA258-F09A-4718-A993-9827B7F40B0A}"
EndProject
Project("{FAE04EC0-301F-11D3-BF4B-00C04F79EFBC}") = "Student", "Student\Student.csproj", "{041069BA-881C-40CB-B7FF-A5615DE7D71A}"
EndProject
Project("{FAE04EC0-301F-11D3-BF4B-00C04F79EFBC}") = "Account", "Account\Account.csproj", "{3C5E922C-8635-47EA-B556-EA18853709B5}"
EndProject
Project("{FAE04EC0-301F-11D3-BF4B-00C04F79EFBC}") = "Course", "Course\Course.csproj", "{1287305D-C8DC-42D4-A4C7-44EA08249413}"
EndProject
Global
	GlobalSection(SolutionConfigurationPlatforms) = preSolution
		Debug|Any CPU = Debug|Any CPU
		Release|Any CPU = Release|Any CPU
	EndGlobalSection
	GlobalSection(ProjectConfigurationPlatforms) = postSolution
		{EEC298D1-5DA9-4593-B227-B6027BA2E7D5}.Debug|Any CPU.ActiveCfg = Debug|Any CPU
		{EEC298D1-5DA9-4593-B227-B6027BA2E7D5}.Debug|Any CPU.Build.0 = Debug|Any CPU
		{EEC298D1-5DA9-4593-B227-B6027BA2E7D5}.Release|Any CPU.ActiveCfg = Release|Any CPU
		{EEC298D1-5DA9-4593-B227-B6027BA2E7D5}.Release|Any CPU.Build.0 = Release|Any CPU
		{0FCEA258-F09A-4718-A993-9827B7F40B0A}.Debug|Any CPU.ActiveCfg = Debug|Any CPU
		{0FCEA258-F09A-4718-A993-9827B7F40B0A}.Debug|Any CPU.Build.0 = Debug|Any CPU
		{0FCEA258-F09A-4718-A993-9827B7F40B0A}.Release|Any CPU.ActiveCfg = Release|Any CPU
		{0FCEA258-F09A-4718-A993-9827B7F40B0A}.Release|Any CPU.Build.0 = Release|Any CPU
		{041069BA-881C-40CB-B7FF-A5615DE7D71A}.Debug|Any CPU.ActiveCfg = Debug|Any CPU
		{041069BA-881C-40CB-B7FF-A5615DE7D71A}.Debug|Any CPU.Build.0 = Debug|Any CPU
		{041069BA-881C-40CB-B7FF-A5615DE7D71A}.Release|Any CPU.ActiveCfg = Release|Any CPU
		{041069BA-881C-40CB-B7FF-A5615DE7D71A}.Release|Any CPU.Build.0 = Release|Any CPU
		{3C5E922C-8635-47EA-B556-EA18853709B5}.Debug|Any CPU.ActiveCfg = Debug|Any CPU
		{3C5E922C-8635-47EA-B556-EA18853709B5}.Debug|Any CPU.Build.0 = Debug|Any CPU
		{3C5E922C-8635-47EA-B556-EA18853709B5}.Release|Any CPU.ActiveCfg = Release|Any CPU
		{3C5E922C-8635-47EA-B556-EA18853709B5}.Release|Any CPU.Build.0 = Release|Any CPU
		{1287305D-C8DC-42D4-A4C7-44EA08249413}.Debug|Any CPU.ActiveCfg = Debug|Any CPU
		{1287305D-C8DC-42D4-A4C7-44EA08249413}.Debug|Any CPU.Build.0 = Debug|Any CPU
		{1287305D-C8DC-42D4-A4C7-44EA08249413}.Release|Any CPU.ActiveCfg = Release|Any CPU
		{1287305D-C8DC-42D4-A4C7-44EA08249413}.Release|Any CPU.Build.0 = Release|Any CPU
	EndGlobalSection
	GlobalSection(SolutionProperties) = preSolution
		HideSolutionNode = FALSE
	EndGlobalSection
	GlobalSection(ExtensibilityGlobals) = postSolution
		SolutionGuid = {6B281C24-6D58-4566-9AC6-B745CDA2CB75}
	EndGlobalSection
EndGlobal
